
Microsoft Visual Studio Solution File, Format Version 12.00
# Visual Studio Version 17
VisualStudioVersion = 17.4.33122.133
MinimumVisualStudioVersion = 10.0.40219.1
Project("{FAE04EC0-301F-11D3-BF4B-00C04F79EFBC}") = "Projeto4", "Projeto4\Projeto4.csproj", "{892A2334-F89C-4DF6-B58B-E73002AB9A01}"
EndProject
Global
	GlobalSection(SolutionConfigurationPlatforms) = preSolution
		Debug|Any CPU = Debug|Any CPU
		Release|Any CPU = Release|Any CPU
	EndGlobalSection
	GlobalSection(ProjectConfigurationPlatforms) = postSolution
		{892A2334-F89C-4DF6-B58B-E73002AB9A01}.Debug|Any CPU.ActiveCfg = Debug|Any CPU
		{892A2334-F89C-4DF6-B58B-E73002AB9A01}.Debug|Any CPU.Build.0 = Debug|Any CPU
		{892A2334-F89C-4DF6-B58B-E73002AB9A01}.Release|Any CPU.ActiveCfg = Release|Any CPU
		{892A2334-F89C-4DF6-B58B-E73002AB9A01}.Release|Any CPU.Build.0 = Release|Any CPU
	EndGlobalSection
	GlobalSection(SolutionProperties) = preSolution
		HideSolutionNode = FALSE
	EndGlobalSection
	GlobalSection(ExtensibilityGlobals) = postSolution
		SolutionGuid = {269B882C-D695-4301-AF64-E4CDB862191F}
	EndGlobalSection
EndGlobal
